{
  "name": "iris",
  "version": "1.0.0",
  "lockfileVersion": 2,
  "requires": true,
  "packages": {
    "": {
      "name": "iris",
      "version": "1.0.0",
      "license": "ISC",
      "dependencies": {
        "prosemirror-model": "^1.18.3",
        "prosemirror-state": "^1.4.2",
        "prosemirror-transform": "^1.7.0",
        "prosemirror-view": "^1.29.1"
      },
      "devDependencies": {
        "@tauri-apps/api": "^1.2.0",
        "@tauri-apps/cli": "^1.2.2",
        "@types/node": "^18.11.15",
        "typescript": "^4.9.4"
      }
    },
    "node_modules/@tauri-apps/api": {
      "version": "1.2.0",
      "resolved": "https://registry.npmjs.org/@tauri-apps/api/-/api-1.2.0.tgz",
      "integrity": "sha512-lsI54KI6HGf7VImuf/T9pnoejfgkNoXveP14pVV7XarrQ46rOejIVJLFqHI9sRReJMGdh2YuCoI3cc/yCWCsrw==",
      "dev": true,
      "engines": {
        "node": ">= 14.6.0",
        "npm": ">= 6.6.0",
        "yarn": ">= 1.19.1"
      },
      "funding": {
        "type": "opencollective",
        "url": "https://opencollective.com/tauri"
      }
    },
    "node_modules/@tauri-apps/cli": {
      "version": "1.2.2",
      "resolved": "https://registry.npmjs.org/@tauri-apps/cli/-/cli-1.2.2.tgz",
      "integrity": "sha512-D8zib3A0vWCvPPSyYLxww/OdDlVcY7fpcDVBH6qUvheOjj2aCyU7H9AYMRBwpgCfz8zY5+vomee+laLeB0H13w==",
      "dev": true,
      "bin": {
        "tauri": "tauri.js"
      },
      "engines": {
        "node": ">= 10"
      },
      "funding": {
        "type": "opencollective",
        "url": "https://opencollective.com/tauri"
      },
      "optionalDependencies": {
        "@tauri-apps/cli-darwin-arm64": "1.2.2",
        "@tauri-apps/cli-darwin-x64": "1.2.2",
        "@tauri-apps/cli-linux-arm-gnueabihf": "1.2.2",
        "@tauri-apps/cli-linux-arm64-gnu": "1.2.2",
        "@tauri-apps/cli-linux-arm64-musl": "1.2.2",
        "@tauri-apps/cli-linux-x64-gnu": "1.2.2",
        "@tauri-apps/cli-linux-x64-musl": "1.2.2",
        "@tauri-apps/cli-win32-ia32-msvc": "1.2.2",
        "@tauri-apps/cli-win32-x64-msvc": "1.2.2"
      }
    },
    "node_modules/@tauri-apps/cli-darwin-arm64": {
      "version": "1.2.2",
      "resolved": "https://registry.npmjs.org/@tauri-apps/cli-darwin-arm64/-/cli-darwin-arm64-1.2.2.tgz",
      "integrity": "sha512-W+Cp2weUMlvmGkRJeUjypbz9Lpl6o98xkgKAtobZSum5SNwpsBQfawJTESakNoD+FXyVg/snIk5sRdHge+tAaA==",
      "cpu": [
        "arm64"
      ],
      "dev": true,
      "optional": true,
      "os": [
        "darwin"
      ],
      "engines": {
        "node": ">= 10"
      }
    },
    "node_modules/@tauri-apps/cli-darwin-x64": {
      "version": "1.2.2",
      "resolved": "https://registry.npmjs.org/@tauri-apps/cli-darwin-x64/-/cli-darwin-x64-1.2.2.tgz",
      "integrity": "sha512-vmVAqt+ECH2d6cbcGJ7ddcCAZgmKe5xmxlL5r4xoaphu7OqU4gnv4VFURYkVltOfwzIFQVOPVSqwYyIDToCYNQ==",
      "cpu": [
        "x64"
      ],
      "dev": true,
      "optional": true,
      "os": [
        "darwin"
      ],
      "engines": {
        "node": ">= 10"
      }
    },
    "node_modules/@tauri-apps/cli-linux-arm-gnueabihf": {
      "version": "1.2.2",
      "resolved": "https://registry.npmjs.org/@tauri-apps/cli-linux-arm-gnueabihf/-/cli-linux-arm-gnueabihf-1.2.2.tgz",
      "integrity": "sha512-yYTdQurgi4QZR8z+fANjl522jdQz/VtesFpw+C/A0+zXg7tiRjicsywBDdPsvNzCqFeGKKkmTR+Lny5qxhGaeQ==",
      "cpu": [
        "arm"
      ],
      "dev": true,
      "optional": true,
      "os": [
        "linux"
      ],
      "engines": {
        "node": ">= 10"
      }
    },
    "node_modules/@tauri-apps/cli-linux-arm64-gnu": {
      "version": "1.2.2",
      "resolved": "https://registry.npmjs.org/@tauri-apps/cli-linux-arm64-gnu/-/cli-linux-arm64-gnu-1.2.2.tgz",
      "integrity": "sha512-ZSOVT6Eq1ay2+27B8KfA0MnpO7KYzONU6TjenH7DNcQki6eWGG5JoNu8QQ9Mdn3dAzY0XBP9i1ZHQOFu4iPtEg==",
      "cpu": [
        "arm64"
      ],
      "dev": true,
      "optional": true,
      "os": [
        "linux"
      ],
      "engines": {
        "node": ">= 10"
      }
    },
    "node_modules/@tauri-apps/cli-linux-arm64-musl": {
      "version": "1.2.2",
      "resolved": "https://registry.npmjs.org/@tauri-apps/cli-linux-arm64-musl/-/cli-linux-arm64-musl-1.2.2.tgz",
      "integrity": "sha512-/NHSkqNQ+Pr4PshvyD1CeNFaPCaCpe1OeuAQgVi0rboSecC9fXN96G5dQbSBoxOUcCo6f8aTVE7zkZ4WchFVog==",
      "cpu": [
        "arm64"
      ],
      "dev": true,
      "optional": true,
      "os": [
        "linux"
      ],
      "engines": {
        "node": ">= 10"
      }
    },
    "node_modules/@tauri-apps/cli-linux-x64-gnu": {
      "version": "1.2.2",
      "resolved": "https://registry.npmjs.org/@tauri-apps/cli-linux-x64-gnu/-/cli-linux-x64-gnu-1.2.2.tgz",
      "integrity": "sha512-4YTmfPuyvlHsvCkATDMwhklfuQm3HKxYXv/IOW9H0ra6pS9efVhrFYIC9Vfv6XaKN85Vnn/FYTEGMJLwCxZw2Q==",
      "cpu": [
        "x64"
      ],
      "dev": true,
      "optional": true,
      "os": [
        "linux"
      ],
      "engines": {
        "node": ">= 10"
      }
    },
    "node_modules/@tauri-apps/cli-linux-x64-musl": {
      "version": "1.2.2",
      "resolved": "https://registry.npmjs.org/@tauri-apps/cli-linux-x64-musl/-/cli-linux-x64-musl-1.2.2.tgz",
      "integrity": "sha512-wr46tbscwFuCcA931R+ItOiUTT0djMmgKLd1HFCmFF82V9BKE2reIjr6O9l0NCXCo2WeD4pe3jA/Pt1dxDu+JA==",
      "cpu": [
        "x64"
      ],
      "dev": true,
      "optional": true,
      "os": [
        "linux"
      ],
      "engines": {
        "node": ">= 10"
      }
    },
    "node_modules/@tauri-apps/cli-win32-ia32-msvc": {
      "version": "1.2.2",
      "resolved": "https://registry.npmjs.org/@tauri-apps/cli-win32-ia32-msvc/-/cli-win32-ia32-msvc-1.2.2.tgz",
      "integrity": "sha512-6VmbVJOWUZJK5/JKhb3mNFKrKGfq0KV7lJGumfN95WJgkHeyL61p8bZit+o6ZgUGUhrOabkAawhDkrRY+ZQhIw==",
      "cpu": [
        "ia32"
      ],
      "dev": true,
      "optional": true,
      "os": [
        "win32"
      ],
      "engines": {
        "node": ">= 10"
      }
    },
    "node_modules/@tauri-apps/cli-win32-x64-msvc": {
      "version": "1.2.2",
      "resolved": "https://registry.npmjs.org/@tauri-apps/cli-win32-x64-msvc/-/cli-win32-x64-msvc-1.2.2.tgz",
      "integrity": "sha512-YRPJguJma+zSuRZpFoSZqls6+laggG1vqG0FPQWQTi+ywATgMpai2b2RZnffDlpHKp9mt4V/s2dtqOy6bpGZHg==",
      "cpu": [
        "x64"
      ],
      "dev": true,
      "optional": true,
      "os": [
        "win32"
      ],
      "engines": {
        "node": ">= 10"
      }
    },
    "node_modules/@types/node": {
      "version": "18.11.15",
      "resolved": "https://registry.npmjs.org/@types/node/-/node-18.11.15.tgz",
      "integrity": "sha512-VkhBbVo2+2oozlkdHXLrb3zjsRkpdnaU2bXmX8Wgle3PUi569eLRaHGlgETQHR7lLL1w7GiG3h9SnePhxNDecw==",
      "dev": true
    },
    "node_modules/orderedmap": {
      "version": "2.1.0",
      "resolved": "https://registry.npmjs.org/orderedmap/-/orderedmap-2.1.0.tgz",
      "integrity": "sha512-/pIFexOm6S70EPdznemIz3BQZoJ4VTFrhqzu0ACBqBgeLsLxq8e6Jim63ImIfwW/zAD1AlXpRMlOv3aghmo4dA=="
    },
    "node_modules/prosemirror-model": {
      "version": "1.18.3",
      "resolved": "https://registry.npmjs.org/prosemirror-model/-/prosemirror-model-1.18.3.tgz",
      "integrity": "sha512-yUVejauEY3F1r7PDy4UJKEGeIU+KFc71JQl5sNvG66CLVdKXRjhWpBW6KMeduGsmGOsw85f6EGrs6QxIKOVILA==",
      "dependencies": {
        "orderedmap": "^2.0.0"
      }
    },
    "node_modules/prosemirror-state": {
      "version": "1.4.2",
      "resolved": "https://registry.npmjs.org/prosemirror-state/-/prosemirror-state-1.4.2.tgz",
      "integrity": "sha512-puuzLD2mz/oTdfgd8msFbe0A42j5eNudKAAPDB0+QJRw8cO1ygjLmhLrg9RvDpf87Dkd6D4t93qdef00KKNacQ==",
      "dependencies": {
        "prosemirror-model": "^1.0.0",
        "prosemirror-transform": "^1.0.0",
        "prosemirror-view": "^1.27.0"
      }
    },
    "node_modules/prosemirror-transform": {
      "version": "1.7.0",
      "resolved": "https://registry.npmjs.org/prosemirror-transform/-/prosemirror-transform-1.7.0.tgz",
      "integrity": "sha512-O4T697Cqilw06Zvc3Wm+e237R6eZtJL/xGMliCi+Uo8VL6qHk6afz1qq0zNjT3eZMuYwnP8ZS0+YxX/tfcE9TQ==",
      "dependencies": {
        "prosemirror-model": "^1.0.0"
      }
    },
    "node_modules/prosemirror-view": {
      "version": "1.29.1",
      "resolved": "https://registry.npmjs.org/prosemirror-view/-/prosemirror-view-1.29.1.tgz",
      "integrity": "sha512-OhujVZSDsh0l0PyHNdfaBj6DBkbhYaCfbaxmTeFrMKd/eWS+G6IC+OAbmR9IsLC8Se1HSbphMaXnsXjupHL3UQ==",
      "dependencies": {
        "prosemirror-model": "^1.16.0",
        "prosemirror-state": "^1.0.0",
        "prosemirror-transform": "^1.1.0"
      }
    },
    "node_modules/typescript": {
      "version": "4.9.4",
      "resolved": "https://registry.npmjs.org/typescript/-/typescript-4.9.4.tgz",
      "integrity": "sha512-Uz+dTXYzxXXbsFpM86Wh3dKCxrQqUcVMxwU54orwlJjOpO3ao8L7j5lH+dWfTwgCwIuM9GQ2kvVotzYJMXTBZg==",
      "dev": true,
      "bin": {
        "tsc": "bin/tsc",
        "tsserver": "bin/tsserver"
      },
      "engines": {
        "node": ">=4.2.0"
      }
    }
  },
  "dependencies": {
    "@tauri-apps/api": {
      "version": "1.2.0",
      "resolved": "https://registry.npmjs.org/@tauri-apps/api/-/api-1.2.0.tgz",
      "integrity": "sha512-lsI54KI6HGf7VImuf/T9pnoejfgkNoXveP14pVV7XarrQ46rOejIVJLFqHI9sRReJMGdh2YuCoI3cc/yCWCsrw==",
      "dev": true
    },
    "@tauri-apps/cli": {
      "version": "1.2.2",
      "resolved": "https://registry.npmjs.org/@tauri-apps/cli/-/cli-1.2.2.tgz",
      "integrity": "sha512-D8zib3A0vWCvPPSyYLxww/OdDlVcY7fpcDVBH6qUvheOjj2aCyU7H9AYMRBwpgCfz8zY5+vomee+laLeB0H13w==",
      "dev": true,
      "requires": {
        "@tauri-apps/cli-darwin-arm64": "1.2.2",
        "@tauri-apps/cli-darwin-x64": "1.2.2",
        "@tauri-apps/cli-linux-arm-gnueabihf": "1.2.2",
        "@tauri-apps/cli-linux-arm64-gnu": "1.2.2",
        "@tauri-apps/cli-linux-arm64-musl": "1.2.2",
        "@tauri-apps/cli-linux-x64-gnu": "1.2.2",
        "@tauri-apps/cli-linux-x64-musl": "1.2.2",
        "@tauri-apps/cli-win32-ia32-msvc": "1.2.2",
        "@tauri-apps/cli-win32-x64-msvc": "1.2.2"
      }
    },
    "@tauri-apps/cli-darwin-arm64": {
      "version": "1.2.2",
      "resolved": "https://registry.npmjs.org/@tauri-apps/cli-darwin-arm64/-/cli-darwin-arm64-1.2.2.tgz",
      "integrity": "sha512-W+Cp2weUMlvmGkRJeUjypbz9Lpl6o98xkgKAtobZSum5SNwpsBQfawJTESakNoD+FXyVg/snIk5sRdHge+tAaA==",
      "dev": true,
      "optional": true
    },
    "@tauri-apps/cli-darwin-x64": {
      "version": "1.2.2",
      "resolved": "https://registry.npmjs.org/@tauri-apps/cli-darwin-x64/-/cli-darwin-x64-1.2.2.tgz",
      "integrity": "sha512-vmVAqt+ECH2d6cbcGJ7ddcCAZgmKe5xmxlL5r4xoaphu7OqU4gnv4VFURYkVltOfwzIFQVOPVSqwYyIDToCYNQ==",
      "dev": true,
      "optional": true
    },
    "@tauri-apps/cli-linux-arm-gnueabihf": {
      "version": "1.2.2",
      "resolved": "https://registry.npmjs.org/@tauri-apps/cli-linux-arm-gnueabihf/-/cli-linux-arm-gnueabihf-1.2.2.tgz",
      "integrity": "sha512-yYTdQurgi4QZR8z+fANjl522jdQz/VtesFpw+C/A0+zXg7tiRjicsywBDdPsvNzCqFeGKKkmTR+Lny5qxhGaeQ==",
      "dev": true,
      "optional": true
    },
    "@tauri-apps/cli-linux-arm64-gnu": {
      "version": "1.2.2",
      "resolved": "https://registry.npmjs.org/@tauri-apps/cli-linux-arm64-gnu/-/cli-linux-arm64-gnu-1.2.2.tgz",
      "integrity": "sha512-ZSOVT6Eq1ay2+27B8KfA0MnpO7KYzONU6TjenH7DNcQki6eWGG5JoNu8QQ9Mdn3dAzY0XBP9i1ZHQOFu4iPtEg==",
      "dev": true,
      "optional": true
    },
    "@tauri-apps/cli-linux-arm64-musl": {
      "version": "1.2.2",
      "resolved": "https://registry.npmjs.org/@tauri-apps/cli-linux-arm64-musl/-/cli-linux-arm64-musl-1.2.2.tgz",
      "integrity": "sha512-/NHSkqNQ+Pr4PshvyD1CeNFaPCaCpe1OeuAQgVi0rboSecC9fXN96G5dQbSBoxOUcCo6f8aTVE7zkZ4WchFVog==",
      "dev": true,
      "optional": true
    },
    "@tauri-apps/cli-linux-x64-gnu": {
      "version": "1.2.2",
      "resolved": "https://registry.npmjs.org/@tauri-apps/cli-linux-x64-gnu/-/cli-linux-x64-gnu-1.2.2.tgz",
      "integrity": "sha512-4YTmfPuyvlHsvCkATDMwhklfuQm3HKxYXv/IOW9H0ra6pS9efVhrFYIC9Vfv6XaKN85Vnn/FYTEGMJLwCxZw2Q==",
      "dev": true,
      "optional": true
    },
    "@tauri-apps/cli-linux-x64-musl": {
      "version": "1.2.2",
      "resolved": "https://registry.npmjs.org/@tauri-apps/cli-linux-x64-musl/-/cli-linux-x64-musl-1.2.2.tgz",
      "integrity": "sha512-wr46tbscwFuCcA931R+ItOiUTT0djMmgKLd1HFCmFF82V9BKE2reIjr6O9l0NCXCo2WeD4pe3jA/Pt1dxDu+JA==",
      "dev": true,
      "optional": true
    },
    "@tauri-apps/cli-win32-ia32-msvc": {
      "version": "1.2.2",
      "resolved": "https://registry.npmjs.org/@tauri-apps/cli-win32-ia32-msvc/-/cli-win32-ia32-msvc-1.2.2.tgz",
      "integrity": "sha512-6VmbVJOWUZJK5/JKhb3mNFKrKGfq0KV7lJGumfN95WJgkHeyL61p8bZit+o6ZgUGUhrOabkAawhDkrRY+ZQhIw==",
      "dev": true,
      "optional": true
    },
    "@tauri-apps/cli-win32-x64-msvc": {
      "version": "1.2.2",
      "resolved": "https://registry.npmjs.org/@tauri-apps/cli-win32-x64-msvc/-/cli-win32-x64-msvc-1.2.2.tgz",
      "integrity": "sha512-YRPJguJma+zSuRZpFoSZqls6+laggG1vqG0FPQWQTi+ywATgMpai2b2RZnffDlpHKp9mt4V/s2dtqOy6bpGZHg==",
      "dev": true,
      "optional": true
    },
    "@types/node": {
      "version": "18.11.15",
      "resolved": "https://registry.npmjs.org/@types/node/-/node-18.11.15.tgz",
      "integrity": "sha512-VkhBbVo2+2oozlkdHXLrb3zjsRkpdnaU2bXmX8Wgle3PUi569eLRaHGlgETQHR7lLL1w7GiG3h9SnePhxNDecw==",
      "dev": true
    },
    "orderedmap": {
      "version": "2.1.0",
      "resolved": "https://registry.npmjs.org/orderedmap/-/orderedmap-2.1.0.tgz",
      "integrity": "sha512-/pIFexOm6S70EPdznemIz3BQZoJ4VTFrhqzu0ACBqBgeLsLxq8e6Jim63ImIfwW/zAD1AlXpRMlOv3aghmo4dA=="
    },
    "prosemirror-model": {
      "version": "1.18.3",
      "resolved": "https://registry.npmjs.org/prosemirror-model/-/prosemirror-model-1.18.3.tgz",
      "integrity": "sha512-yUVejauEY3F1r7PDy4UJKEGeIU+KFc71JQl5sNvG66CLVdKXRjhWpBW6KMeduGsmGOsw85f6EGrs6QxIKOVILA==",
      "requires": {
        "orderedmap": "^2.0.0"
      }
    },
    "prosemirror-state": {
      "version": "1.4.2",
      "resolved": "https://registry.npmjs.org/prosemirror-state/-/prosemirror-state-1.4.2.tgz",
      "integrity": "sha512-puuzLD2mz/oTdfgd8msFbe0A42j5eNudKAAPDB0+QJRw8cO1ygjLmhLrg9RvDpf87Dkd6D4t93qdef00KKNacQ==",
      "requires": {
        "prosemirror-model": "^1.0.0",
        "prosemirror-transform": "^1.0.0",
        "prosemirror-view": "^1.27.0"
      }
    },
    "prosemirror-transform": {
      "version": "1.7.0",
      "resolved": "https://registry.npmjs.org/prosemirror-transform/-/prosemirror-transform-1.7.0.tgz",
      "integrity": "sha512-O4T697Cqilw06Zvc3Wm+e237R6eZtJL/xGMliCi+Uo8VL6qHk6afz1qq0zNjT3eZMuYwnP8ZS0+YxX/tfcE9TQ==",
      "requires": {
        "prosemirror-model": "^1.0.0"
      }
    },
    "prosemirror-view": {
      "version": "1.29.1",
      "resolved": "https://registry.npmjs.org/prosemirror-view/-/prosemirror-view-1.29.1.tgz",
      "integrity": "sha512-OhujVZSDsh0l0PyHNdfaBj6DBkbhYaCfbaxmTeFrMKd/eWS+G6IC+OAbmR9IsLC8Se1HSbphMaXnsXjupHL3UQ==",
      "requires": {
        "prosemirror-model": "^1.16.0",
        "prosemirror-state": "^1.0.0",
        "prosemirror-transform": "^1.1.0"
      }
    },
    "typescript": {
      "version": "4.9.4",
      "resolved": "https://registry.npmjs.org/typescript/-/typescript-4.9.4.tgz",
      "integrity": "sha512-Uz+dTXYzxXXbsFpM86Wh3dKCxrQqUcVMxwU54orwlJjOpO3ao8L7j5lH+dWfTwgCwIuM9GQ2kvVotzYJMXTBZg==",
      "dev": true
    }
  }
}
